
Microsoft Visual Studio Solution File, Format Version 12.00
# Visual Studio Version 17
VisualStudioVersion = 17.4.33213.308
MinimumVisualStudioVersion = 10.0.40219.1
Project("{9A19103F-16F7-4668-BE54-9A1E7A4F7556}") = "SpellSlayer.WebApi", "SpellSlayer.WebApi\SpellSlayer.WebApi.csproj", "{2A320F7E-6F74-436E-8E4F-CADCA133B158}"
EndProject
Project("{9A19103F-16F7-4668-BE54-9A1E7A4F7556}") = "client", "client\client.csproj", "{8FA9CC45-B2BF-4E68-871B-31D9A8AE9E62}"
EndProject
Global
	GlobalSection(SolutionConfigurationPlatforms) = preSolution
		Debug|Any CPU = Debug|Any CPU
		Release|Any CPU = Release|Any CPU
	EndGlobalSection
	GlobalSection(ProjectConfigurationPlatforms) = postSolution
		{2A320F7E-6F74-436E-8E4F-CADCA133B158}.Debug|Any CPU.ActiveCfg = Debug|Any CPU
		{2A320F7E-6F74-436E-8E4F-CADCA133B158}.Debug|Any CPU.Build.0 = Debug|Any CPU
		{2A320F7E-6F74-436E-8E4F-CADCA133B158}.Release|Any CPU.ActiveCfg = Release|Any CPU
		{2A320F7E-6F74-436E-8E4F-CADCA133B158}.Release|Any CPU.Build.0 = Release|Any CPU
		{8FA9CC45-B2BF-4E68-871B-31D9A8AE9E62}.Debug|Any CPU.ActiveCfg = Debug|Any CPU
		{8FA9CC45-B2BF-4E68-871B-31D9A8AE9E62}.Debug|Any CPU.Build.0 = Debug|Any CPU
		{8FA9CC45-B2BF-4E68-871B-31D9A8AE9E62}.Release|Any CPU.ActiveCfg = Release|Any CPU
		{8FA9CC45-B2BF-4E68-871B-31D9A8AE9E62}.Release|Any CPU.Build.0 = Release|Any CPU
	EndGlobalSection
	GlobalSection(SolutionProperties) = preSolution
		HideSolutionNode = FALSE
	EndGlobalSection
	GlobalSection(ExtensibilityGlobals) = postSolution
		SolutionGuid = {5B89416C-5358-4133-94D9-D97DA7585892}
	EndGlobalSection
EndGlobal
